<?xml version="1.0" encoding="utf-8"?>
<Project ToolsVersion="4.0" xmlns="http://schemas.microsoft.com/developer/msbuild/2003">
  <ItemGroup>
    <Filter Include="源文件">
      <UniqueIdentifier>{4FC737F1-C7A5-4376-A066-2A32D752A2FF}</UniqueIdentifier>
      <Extensions>cpp;c;cc;cxx;def;odl;idl;hpj;bat;asm;asmx</Extensions>
    </Filter>
    <Filter Include="资源文件">
      <UniqueIdentifier>{67DA6AB6-F800-4c08-8B7A-83BB121AAD01}</UniqueIdentifier>
      <Extensions>rc;ico;cur;bmp;dlg;rc2;rct;bin;rgs;gif;jpg;jpeg;jpe;resx;tiff;tif;png;wav</Extensions>
    </Filter>
    <Filter Include="image_lab">
      <UniqueIdentifier>{e158a721-efc7-4160-9b72-16eab39e787c}</UniqueIdentifier>
    </Filter>
    <Filter Include="image_lab\interface">
      <UniqueIdentifier>{ab9e2003-4214-444e-a424-a761e2f54c08}</UniqueIdentifier>
    </Filter>
    <Filter Include="image_lab\implement">
      <UniqueIdentifier>{97ee852d-d6f3-4ccc-b3b4-c684cee1ea1d}</UniqueIdentifier>
    </Filter>
    <Filter Include="image_lab\template">
      <UniqueIdentifier>{0fbcf63e-a199-421a-b482-db761f240634}</UniqueIdentifier>
    </Filter>
    <Filter Include="源文件\头文件">
      <UniqueIdentifier>{93995380-89BD-4b04-88EB-625FBE52EBFB}</UniqueIdentifier>
      <Extensions>h;hpp;hxx;hm;inl;inc;xsd</Extensions>
    </Filter>
  </ItemGroup>
  <ItemGroup>
    <ClInclude Include="src\GiantImageInterface.h">
      <Filter>image_lab\interface</Filter>
    </ClInclude>
    <ClInclude Include="src\ImageInterface.h">
      <Filter>image_lab\interface</Filter>
    </ClInclude>
    <ClInclude Include="src\BlockwiseImage.hpp">
      <Filter>image_lab\implement</Filter>
    </ClInclude>
    <ClInclude Include="src\HierarchicalImage.hpp">
      <Filter>image_lab\implement</Filter>
    </ClInclude>
    <ClInclude Include="src\TinyImage.hpp">
      <Filter>image_lab\implement</Filter>
    </ClInclude>
    <ClInclude Include="src\BlockwiseImage.h">
      <Filter>image_lab\template</Filter>
    </ClInclude>
    <ClInclude Include="src\HierarchicalImage.h">
      <Filter>image_lab\template</Filter>
    </ClInclude>
    <ClInclude Include="src\TinyImage.h">
      <Filter>image_lab\template</Filter>
    </ClInclude>
    <ClInclude Include="src\IndexMethodInterface.h">
      <Filter>image_lab\interface</Filter>
    </ClInclude>
    <ClInclude Include="src\IndexMethod.hpp">
      <Filter>image_lab\implement</Filter>
    </ClInclude>
    <ClInclude Include="src\Lru.hpp">
      <Filter>image_lab\implement</Filter>
    </ClInclude>
    <ClInclude Include="Src\UtlityFunc.h">
      <Filter>源文件\头文件</Filter>
    </ClInclude>
    <ClInclude Include="src\BasicType.h">
      <Filter>源文件\头文件</Filter>
    </ClInclude>
    <ClInclude Include="src\DiskBigImage.hpp">
      <Filter>image_lab\implement</Filter>
    </ClInclude>
    <ClInclude Include="src\DiskBigImage.h">
      <Filter>image_lab\template</Filter>
    </ClInclude>
    <ClInclude Include="src\DiskBigImageInterface.h">
      <Filter>image_lab\interface</Filter>
    </ClInclude>
  </ItemGroup>
  <ItemGroup>
    <ClCompile Include="src\MainApp.cpp">
      <Filter>源文件</Filter>
    </ClCompile>
  </ItemGroup>
</Project>