
Microsoft Visual Studio Solution File, Format Version 11.00
# Visual Studio 2010
Project("{8BC9CEB8-8B4A-11D0-8D11-00A0C91BC942}") = "ILab", "ILab.vcxproj", "{E86FC26C-E9C3-4254-B788-30E0B38E7ADF}"
EndProject
Project("{8BC9CEB8-8B4A-11D0-8D11-00A0C91BC942}") = "Test", "Test\Test.vcxproj", "{2A6C9C8F-AF19-4684-A932-C8414EBDFB46}"
	ProjectSection(ProjectDependencies) = postProject
		{E86FC26C-E9C3-4254-B788-30E0B38E7ADF} = {E86FC26C-E9C3-4254-B788-30E0B38E7ADF}
	EndProjectSection
EndProject
Project("{8BC9CEB8-8B4A-11D0-8D11-00A0C91BC942}") = "TimeConsumeTest", "TimeConsumeTest\TimeConsumeTest.vcxproj", "{536DDFC7-38B8-47C6-9309-656883AE1479}"
EndProject
Project("{8BC9CEB8-8B4A-11D0-8D11-00A0C91BC942}") = "WriteHierarchicalImage", "WriteHierarchicalImage\WriteHierarchicalImage.vcxproj", "{E6FED995-1C55-41D5-A749-97C22394CF00}"
EndProject
Project("{8BC9CEB8-8B4A-11D0-8D11-00A0C91BC942}") = "ReadingBigImage", "ReadingBigImage\ReadingBigImage.vcxproj", "{6B4E695C-A890-4A87-815A-C99267B0E42F}"
EndProject
Project("{8BC9CEB8-8B4A-11D0-8D11-00A0C91BC942}") = "WriteBlockWiseImage", "WriteBlockWiseImage\WriteBlockWiseImage.vcxproj", "{A909B731-0C0B-4115-9580-9905F5183C71}"
EndProject
Global
	GlobalSection(SolutionConfigurationPlatforms) = preSolution
		Debug|Win32 = Debug|Win32
		Release|Win32 = Release|Win32
	EndGlobalSection
	GlobalSection(ProjectConfigurationPlatforms) = postSolution
		{E86FC26C-E9C3-4254-B788-30E0B38E7ADF}.Debug|Win32.ActiveCfg = Debug|Win32
		{E86FC26C-E9C3-4254-B788-30E0B38E7ADF}.Debug|Win32.Build.0 = Debug|Win32
		{E86FC26C-E9C3-4254-B788-30E0B38E7ADF}.Release|Win32.ActiveCfg = Release|Win32
		{E86FC26C-E9C3-4254-B788-30E0B38E7ADF}.Release|Win32.Build.0 = Release|Win32
		{2A6C9C8F-AF19-4684-A932-C8414EBDFB46}.Debug|Win32.ActiveCfg = Debug|Win32
		{2A6C9C8F-AF19-4684-A932-C8414EBDFB46}.Release|Win32.ActiveCfg = Release|Win32
		{536DDFC7-38B8-47C6-9309-656883AE1479}.Debug|Win32.ActiveCfg = Debug|Win32
		{536DDFC7-38B8-47C6-9309-656883AE1479}.Release|Win32.ActiveCfg = Release|Win32
		{E6FED995-1C55-41D5-A749-97C22394CF00}.Debug|Win32.ActiveCfg = Debug|Win32
		{E6FED995-1C55-41D5-A749-97C22394CF00}.Release|Win32.ActiveCfg = Release|Win32
		{E6FED995-1C55-41D5-A749-97C22394CF00}.Release|Win32.Build.0 = Release|Win32
		{6B4E695C-A890-4A87-815A-C99267B0E42F}.Debug|Win32.ActiveCfg = Debug|Win32
		{6B4E695C-A890-4A87-815A-C99267B0E42F}.Debug|Win32.Build.0 = Debug|Win32
		{6B4E695C-A890-4A87-815A-C99267B0E42F}.Release|Win32.ActiveCfg = Release|Win32
		{6B4E695C-A890-4A87-815A-C99267B0E42F}.Release|Win32.Build.0 = Release|Win32
		{A909B731-0C0B-4115-9580-9905F5183C71}.Debug|Win32.ActiveCfg = Debug|Win32
		{A909B731-0C0B-4115-9580-9905F5183C71}.Debug|Win32.Build.0 = Debug|Win32
		{A909B731-0C0B-4115-9580-9905F5183C71}.Release|Win32.ActiveCfg = Release|Win32
		{A909B731-0C0B-4115-9580-9905F5183C71}.Release|Win32.Build.0 = Release|Win32
	EndGlobalSection
	GlobalSection(SolutionProperties) = preSolution
		HideSolutionNode = FALSE
	EndGlobalSection
EndGlobal
